version: 1.0
shards:
  admiral:
    github: jwaldrip/admiral.cr
    commit: 09a81513a47535c4b59cbf0ab98cadcbf6ab70fb

  ameba:
    github: veelenga/ameba
    commit: 1a255830363aa2e0c5bce25725f0f3eda5d15af4

  db:
    github: crystal-lang/crystal-db
    version: 0.9.0

  generate:
    github: anykeyh/generate.cr
    commit: 27a59d663ded8ce39a361e3a88b8dd747f59ce42

  inflector:
    github: phoffer/inflector.cr
    version: 0.1.8

  pg:
    github: will/crystal-pg
    commit: cafee448dc09ef487bd3941febce8796830f1bd7

