version: 1.0
shards:
  admiral:
    github: jwaldrip/admiral.cr
    version: 1.7.2

  ameba:
    github: veelenga/ameba
    version: 0.7.0

  await_async:
    github: anykeyh/await_async
    commit: 740b086cf587624e26e8c6bb18939c79b4a19277

  coverage:
    github: anykeyh/crystal-coverage
    commit: af5246dde152b6e42352ce6e759bb07e9bed09ed

  db:
    github: crystal-lang/crystal-db
    version: 0.5.0

  generate:
    github: anykeyh/generate.cr
    commit: 21b2fe1a0c4b3773f6cae83118243d3b0ada0e2c

  inflector:
    github: phoffer/inflector.cr
    version: 0.1.8

  pg:
    github: will/crystal-pg
    version: 0.15.0

