version: 2.0
shards:
  admiral:
    git: https://github.com/jwaldrip/admiral.cr.git
    version: 1.11.2+git.commit.c3c3467953654554b72c24e7b853d6fbb23f10c0

  ameba:
    git: https://github.com/veelenga/ameba.git
    version: 0.13.0+git.commit.3448de30daaf5e206a0c52132e11a47f7e8d0d6d

  db:
    git: https://github.com/crystal-lang/crystal-db.git
    version: 0.10.0

  generate:
    git: https://github.com/anykeyh/generate.cr.git
    version: 0.1.0+git.commit.27a59d663ded8ce39a361e3a88b8dd747f59ce42

  inflector:
    git: https://github.com/phoffer/inflector.cr.git
    version: 0.1.8

  pg:
    git: https://github.com/will/crystal-pg.git
    version: 0.22.1

